schema: '2.0'
stages:
  data_collection:
    cmd: python src/data/make_dataset.py
    deps:
    - path: src/data/make_dataset.py
      hash: md5
      md5: fd928dd5e62b3b8c737eb219d229d2ed
      size: 480
    outs:
    - path: data/raw
      hash: md5
      md5: 2da6a78b22c01ee07a0e80df22a7ed6e.dir
      size: 62968
      nfiles: 2
  data_preprocessing:
    cmd: python src/features/build_features.py
    deps:
    - path: data/raw
      hash: md5
      md5: 2da6a78b22c01ee07a0e80df22a7ed6e.dir
      size: 62968
      nfiles: 2
    - path: src/features/build_features.py
      hash: md5
      md5: 4d74ea698a463783050664f0bda84857
      size: 2110
    outs:
    - path: data/processed
      hash: md5
      md5: 4c9820f76c800a0b339370b9f21373f6.dir
      size: 37229
      nfiles: 2
