schema: '2.0'
stages:
  data_collection:
    cmd: python src/data/make_dataset.py
    deps:
    - path: src/data/make_dataset.py
      hash: md5
      md5: fd928dd5e62b3b8c737eb219d229d2ed
      size: 480
    outs:
    - path: data/raw
      hash: md5
      md5: 2da6a78b22c01ee07a0e80df22a7ed6e.dir
      size: 62968
      nfiles: 2
  data_preprocessing:
    cmd: python src/features/build_features.py
    deps:
    - path: data/raw
      hash: md5
      md5: 2da6a78b22c01ee07a0e80df22a7ed6e.dir
      size: 62968
      nfiles: 2
    - path: src/features/build_features.py
      hash: md5
      md5: 4d74ea698a463783050664f0bda84857
      size: 2110
    outs:
    - path: data/processed
      hash: md5
      md5: 4c9820f76c800a0b339370b9f21373f6.dir
      size: 37229
      nfiles: 2
  model_training:
    cmd: python src/models/train_model.py
    deps:
    - path: data/processed
      hash: md5
      md5: 4c9820f76c800a0b339370b9f21373f6.dir
      size: 37229
      nfiles: 2
    - path: src/models/train_model.py
      hash: md5
      md5: 9e6522a070f4889ee86d00c4526d582b
      size: 870
    outs:
    - path: results/svc_model.pkl
      hash: md5
      md5: 2727432414a0e4801478523a4cd7926a
      size: 8566283
  model_evaluation:
    cmd: python src/models/predict_model.py
    deps:
    - path: data/processed
      hash: md5
      md5: 4c9820f76c800a0b339370b9f21373f6.dir
      size: 37229
      nfiles: 2
    - path: results/svc_model.pkl
      hash: md5
      md5: 2727432414a0e4801478523a4cd7926a
      size: 8566283
    - path: src/models/predict_model.py
      hash: md5
      md5: e1a6df51c4a937cfd3dcea1815c1846c
      size: 3001
